
Microsoft Visual Studio Solution File, Format Version 12.00
# Visual Studio Version 17
VisualStudioVersion = 17.5.33516.290
MinimumVisualStudioVersion = 10.0.40219.1
Project("{9A19103F-16F7-4668-BE54-9A1E7A4F7556}") = "Web7.TrustLibraryTests", "Web7.TrustLibraryTests\Web7.TrustLibraryTests.csproj", "{25615AA6-3DD1-4F4C-84B5-7D8F689F2C8D}"
EndProject
Project("{2150E333-8FDC-42A3-9474-1A3956D46DE8}") = "Solution Items", "Solution Items", "{4A1170B6-D59B-4E99-B5FE-8669F2C37EDF}"
	ProjectSection(SolutionItems) = preProject
		..\README.md = ..\README.md
	EndProjectSection
EndProject
Project("{9A19103F-16F7-4668-BE54-9A1E7A4F7556}") = "Web7.TrustLibrary.Base", "Web7.TrustLibrary.Base\Web7.TrustLibrary.Base.csproj", "{0C347C7E-8CE2-43D5-A361-CE3F5675958D}"
EndProject
Project("{9A19103F-16F7-4668-BE54-9A1E7A4F7556}") = "Web7.TrustLibrary.Did", "Web7.TrustLibrary.Did\Web7.TrustLibrary.Did.csproj", "{DA4ACB88-24FC-4695-813E-88590F41C8B0}"
EndProject
Project("{9A19103F-16F7-4668-BE54-9A1E7A4F7556}") = "Web7.TrustLibrary.Registries", "Web7.TrustLibrary.Registries\Web7.TrustLibrary.Registries.csproj", "{426E7D65-321F-425F-ACD7-17BFB0CFC82F}"
EndProject
Project("{9A19103F-16F7-4668-BE54-9A1E7A4F7556}") = "Web7.TrustLibrary.Transports", "Web7.TrustLibrary.Transports\Web7.TrustLibrary.Transports.csproj", "{217D403D-E546-4DE5-BDB3-0864D4A7147C}"
EndProject
Project("{9A19103F-16F7-4668-BE54-9A1E7A4F7556}") = "Web7.TrustedPersonalAgent0", "Web7.TrustedPersonalAgent0\Web7.TrustedPersonalAgent0.csproj", "{D998EFE9-014E-40AF-8238-301F32C7B541}"
EndProject
Project("{9A19103F-16F7-4668-BE54-9A1E7A4F7556}") = "Web7.TrustedPersonalAgent1", "Web7.TrustedPersonalAgent1\Web7.TrustedPersonalAgent1.csproj", "{531ADDD6-C522-4825-8793-5C2CF657A582}"
EndProject
Project("{9A19103F-16F7-4668-BE54-9A1E7A4F7556}") = "Web7.TrustLibrary.NBitcoin.BIP39", "Web7.TrustLibrary.NBitcoin.BIP39\Web7.TrustLibrary.NBitcoin.BIP39.csproj", "{BD94AEC1-E817-4B7B-918C-0D3026677BB6}"
EndProject
Project("{9A19103F-16F7-4668-BE54-9A1E7A4F7556}") = "Web7.DIDDocumentTests", "Web7.DIDDocumentTests\Web7.DIDDocumentTests.csproj", "{377FEC09-569D-4738-9C6D-4311F0495A55}"
EndProject
Project("{9A19103F-16F7-4668-BE54-9A1E7A4F7556}") = "Web7.DIDRegistryGatewayAgent", "Web7.DIDRegistryGatewayAgent\Web7.DIDRegistryGatewayAgent.csproj", "{811B1E83-653A-4081-AA36-F3CDC925187B}"
EndProject
Project("{9A19103F-16F7-4668-BE54-9A1E7A4F7556}") = "Web7.DIDNetworkRelayAgent", "Web7.DIDNetworkRelayAgent\Web7.DIDNetworkRelayAgent.csproj", "{DBF47EC2-51F0-4D49-9CB8-8D8BCFF31EA3}"
EndProject
Global
	GlobalSection(SolutionConfigurationPlatforms) = preSolution
		Debug|Any CPU = Debug|Any CPU
		Release|Any CPU = Release|Any CPU
	EndGlobalSection
	GlobalSection(ProjectConfigurationPlatforms) = postSolution
		{25615AA6-3DD1-4F4C-84B5-7D8F689F2C8D}.Debug|Any CPU.ActiveCfg = Debug|Any CPU
		{25615AA6-3DD1-4F4C-84B5-7D8F689F2C8D}.Debug|Any CPU.Build.0 = Debug|Any CPU
		{25615AA6-3DD1-4F4C-84B5-7D8F689F2C8D}.Release|Any CPU.ActiveCfg = Release|Any CPU
		{25615AA6-3DD1-4F4C-84B5-7D8F689F2C8D}.Release|Any CPU.Build.0 = Release|Any CPU
		{0C347C7E-8CE2-43D5-A361-CE3F5675958D}.Debug|Any CPU.ActiveCfg = Debug|Any CPU
		{0C347C7E-8CE2-43D5-A361-CE3F5675958D}.Debug|Any CPU.Build.0 = Debug|Any CPU
		{0C347C7E-8CE2-43D5-A361-CE3F5675958D}.Release|Any CPU.ActiveCfg = Release|Any CPU
		{0C347C7E-8CE2-43D5-A361-CE3F5675958D}.Release|Any CPU.Build.0 = Release|Any CPU
		{DA4ACB88-24FC-4695-813E-88590F41C8B0}.Debug|Any CPU.ActiveCfg = Debug|Any CPU
		{DA4ACB88-24FC-4695-813E-88590F41C8B0}.Debug|Any CPU.Build.0 = Debug|Any CPU
		{DA4ACB88-24FC-4695-813E-88590F41C8B0}.Release|Any CPU.ActiveCfg = Release|Any CPU
		{DA4ACB88-24FC-4695-813E-88590F41C8B0}.Release|Any CPU.Build.0 = Release|Any CPU
		{426E7D65-321F-425F-ACD7-17BFB0CFC82F}.Debug|Any CPU.ActiveCfg = Debug|Any CPU
		{426E7D65-321F-425F-ACD7-17BFB0CFC82F}.Debug|Any CPU.Build.0 = Debug|Any CPU
		{426E7D65-321F-425F-ACD7-17BFB0CFC82F}.Release|Any CPU.ActiveCfg = Release|Any CPU
		{426E7D65-321F-425F-ACD7-17BFB0CFC82F}.Release|Any CPU.Build.0 = Release|Any CPU
		{217D403D-E546-4DE5-BDB3-0864D4A7147C}.Debug|Any CPU.ActiveCfg = Debug|Any CPU
		{217D403D-E546-4DE5-BDB3-0864D4A7147C}.Debug|Any CPU.Build.0 = Debug|Any CPU
		{217D403D-E546-4DE5-BDB3-0864D4A7147C}.Release|Any CPU.ActiveCfg = Release|Any CPU
		{217D403D-E546-4DE5-BDB3-0864D4A7147C}.Release|Any CPU.Build.0 = Release|Any CPU
		{D998EFE9-014E-40AF-8238-301F32C7B541}.Debug|Any CPU.ActiveCfg = Debug|Any CPU
		{D998EFE9-014E-40AF-8238-301F32C7B541}.Debug|Any CPU.Build.0 = Debug|Any CPU
		{D998EFE9-014E-40AF-8238-301F32C7B541}.Release|Any CPU.ActiveCfg = Release|Any CPU
		{D998EFE9-014E-40AF-8238-301F32C7B541}.Release|Any CPU.Build.0 = Release|Any CPU
		{531ADDD6-C522-4825-8793-5C2CF657A582}.Debug|Any CPU.ActiveCfg = Debug|Any CPU
		{531ADDD6-C522-4825-8793-5C2CF657A582}.Debug|Any CPU.Build.0 = Debug|Any CPU
		{531ADDD6-C522-4825-8793-5C2CF657A582}.Release|Any CPU.ActiveCfg = Release|Any CPU
		{531ADDD6-C522-4825-8793-5C2CF657A582}.Release|Any CPU.Build.0 = Release|Any CPU
		{BD94AEC1-E817-4B7B-918C-0D3026677BB6}.Debug|Any CPU.ActiveCfg = Debug|Any CPU
		{BD94AEC1-E817-4B7B-918C-0D3026677BB6}.Debug|Any CPU.Build.0 = Debug|Any CPU
		{BD94AEC1-E817-4B7B-918C-0D3026677BB6}.Release|Any CPU.ActiveCfg = Release|Any CPU
		{BD94AEC1-E817-4B7B-918C-0D3026677BB6}.Release|Any CPU.Build.0 = Release|Any CPU
		{377FEC09-569D-4738-9C6D-4311F0495A55}.Debug|Any CPU.ActiveCfg = Debug|Any CPU
		{377FEC09-569D-4738-9C6D-4311F0495A55}.Debug|Any CPU.Build.0 = Debug|Any CPU
		{377FEC09-569D-4738-9C6D-4311F0495A55}.Release|Any CPU.ActiveCfg = Release|Any CPU
		{377FEC09-569D-4738-9C6D-4311F0495A55}.Release|Any CPU.Build.0 = Release|Any CPU
		{811B1E83-653A-4081-AA36-F3CDC925187B}.Debug|Any CPU.ActiveCfg = Debug|Any CPU
		{811B1E83-653A-4081-AA36-F3CDC925187B}.Debug|Any CPU.Build.0 = Debug|Any CPU
		{811B1E83-653A-4081-AA36-F3CDC925187B}.Release|Any CPU.ActiveCfg = Release|Any CPU
		{811B1E83-653A-4081-AA36-F3CDC925187B}.Release|Any CPU.Build.0 = Release|Any CPU
		{DBF47EC2-51F0-4D49-9CB8-8D8BCFF31EA3}.Debug|Any CPU.ActiveCfg = Debug|Any CPU
		{DBF47EC2-51F0-4D49-9CB8-8D8BCFF31EA3}.Debug|Any CPU.Build.0 = Debug|Any CPU
		{DBF47EC2-51F0-4D49-9CB8-8D8BCFF31EA3}.Release|Any CPU.ActiveCfg = Release|Any CPU
		{DBF47EC2-51F0-4D49-9CB8-8D8BCFF31EA3}.Release|Any CPU.Build.0 = Release|Any CPU
	EndGlobalSection
	GlobalSection(SolutionProperties) = preSolution
		HideSolutionNode = FALSE
	EndGlobalSection
	GlobalSection(ExtensibilityGlobals) = postSolution
		SolutionGuid = {80807B84-209A-4419-BFEB-69EF93E5F01C}
	EndGlobalSection
EndGlobal
